
Microsoft Visual Studio Solution File, Format Version 12.00
# Visual Studio Version 17
VisualStudioVersion = 17.0.31919.166
MinimumVisualStudioVersion = 10.0.40219.1
Project("{FAE04EC0-301F-11D3-BF4B-00C04F79EFBC}") = "MCATT", "MCATT\MCATT.csproj", "{ACDF520F-7DD8-4152-8F27-7E9E582BA609}"
EndProject
Global
	GlobalSection(SolutionConfigurationPlatforms) = preSolution
		Debug|Any CPU = Debug|Any CPU
		Release|Any CPU = Release|Any CPU
	EndGlobalSection
	GlobalSection(ProjectConfigurationPlatforms) = postSolution
		{ACDF520F-7DD8-4152-8F27-7E9E582BA609}.Debug|Any CPU.ActiveCfg = Debug|Any CPU
		{ACDF520F-7DD8-4152-8F27-7E9E582BA609}.Debug|Any CPU.Build.0 = Debug|Any CPU
		{ACDF520F-7DD8-4152-8F27-7E9E582BA609}.Release|Any CPU.ActiveCfg = Release|Any CPU
		{ACDF520F-7DD8-4152-8F27-7E9E582BA609}.Release|Any CPU.Build.0 = Release|Any CPU
	EndGlobalSection
	GlobalSection(SolutionProperties) = preSolution
		HideSolutionNode = FALSE
	EndGlobalSection
	GlobalSection(ExtensibilityGlobals) = postSolution
		SolutionGuid = {C699111A-AB56-4C0B-BFD6-0BAB77A3F2F9}
	EndGlobalSection
EndGlobal
